
Microsoft Visual Studio Solution File, Format Version 12.00
# Visual Studio Version 17
VisualStudioVersion = 17.10.35027.167
MinimumVisualStudioVersion = 10.0.40219.1
Project("{9A19103F-16F7-4668-BE54-9A1E7A4F7556}") = "BlazorApp1", "BlazorApp1\BlazorApp1\BlazorApp1.csproj", "{5D52BC48-219B-47D3-8555-38634504DF76}"
EndProject
Project("{9A19103F-16F7-4668-BE54-9A1E7A4F7556}") = "BlazorApp1.Client", "BlazorApp1\BlazorApp1.Client\BlazorApp1.Client.csproj", "{7A0B266D-9C1F-41BD-92B3-8AC553E93E8C}"
EndProject
Global
	GlobalSection(SolutionConfigurationPlatforms) = preSolution
		Debug|Any CPU = Debug|Any CPU
		Release|Any CPU = Release|Any CPU
	EndGlobalSection
	GlobalSection(ProjectConfigurationPlatforms) = postSolution
		{5D52BC48-219B-47D3-8555-38634504DF76}.Debug|Any CPU.ActiveCfg = Debug|Any CPU
		{5D52BC48-219B-47D3-8555-38634504DF76}.Debug|Any CPU.Build.0 = Debug|Any CPU
		{5D52BC48-219B-47D3-8555-38634504DF76}.Release|Any CPU.ActiveCfg = Release|Any CPU
		{5D52BC48-219B-47D3-8555-38634504DF76}.Release|Any CPU.Build.0 = Release|Any CPU
		{7A0B266D-9C1F-41BD-92B3-8AC553E93E8C}.Debug|Any CPU.ActiveCfg = Debug|Any CPU
		{7A0B266D-9C1F-41BD-92B3-8AC553E93E8C}.Debug|Any CPU.Build.0 = Debug|Any CPU
		{7A0B266D-9C1F-41BD-92B3-8AC553E93E8C}.Release|Any CPU.ActiveCfg = Release|Any CPU
		{7A0B266D-9C1F-41BD-92B3-8AC553E93E8C}.Release|Any CPU.Build.0 = Release|Any CPU
	EndGlobalSection
	GlobalSection(SolutionProperties) = preSolution
		HideSolutionNode = FALSE
	EndGlobalSection
	GlobalSection(ExtensibilityGlobals) = postSolution
		SolutionGuid = {7E032264-EF37-48E2-83B1-ED8429AD9EA0}
	EndGlobalSection
EndGlobal
